
Microsoft Visual Studio Solution File, Format Version 12.00
# Visual Studio Version 17
VisualStudioVersion = 17.0.32014.148
MinimumVisualStudioVersion = 10.0.40219.1
Project("{FAE04EC0-301F-11D3-BF4B-00C04F79EFBC}") = "Mysql_EFCore6", "Mysql_EFCore6\Mysql_EFCore6.csproj", "{98AF7CF4-F16E-4AF0-B2EA-3BFE0F11484C}"
EndProject
Global
	GlobalSection(SolutionConfigurationPlatforms) = preSolution
		Debug|Any CPU = Debug|Any CPU
		Release|Any CPU = Release|Any CPU
	EndGlobalSection
	GlobalSection(ProjectConfigurationPlatforms) = postSolution
		{98AF7CF4-F16E-4AF0-B2EA-3BFE0F11484C}.Debug|Any CPU.ActiveCfg = Debug|Any CPU
		{98AF7CF4-F16E-4AF0-B2EA-3BFE0F11484C}.Debug|Any CPU.Build.0 = Debug|Any CPU
		{98AF7CF4-F16E-4AF0-B2EA-3BFE0F11484C}.Release|Any CPU.ActiveCfg = Release|Any CPU
		{98AF7CF4-F16E-4AF0-B2EA-3BFE0F11484C}.Release|Any CPU.Build.0 = Release|Any CPU
	EndGlobalSection
	GlobalSection(SolutionProperties) = preSolution
		HideSolutionNode = FALSE
	EndGlobalSection
	GlobalSection(ExtensibilityGlobals) = postSolution
		SolutionGuid = {C26C6197-934D-46F5-AE8E-912B7E07392A}
	EndGlobalSection
EndGlobal
